{
  "version": 4,
  "terraform_version": "1.12.2",
  "serial": 18,
  "lineage": "61b15e5e-f7af-1173-10d1-c555082712f2",
  "outputs": {
    "cluster_id": {
      "value": "massapp-cluster",
      "type": "string"
    },
    "node_group_id": {
      "value": "massapp-cluster:massapp-node-group",
      "type": "string"
    },
    "subnet_ids": {
      "value": [
        "subnet-00fa6cf83d595afba",
        "subnet-011491f32a8d1c6b7"
      ],
      "type": [
        "tuple",
        [
          "string",
          "string"
        ]
      ]
    },
    "vpc_id": {
      "value": "vpc-0129312819aa7fa4b",
      "type": "string"
    }
  },
  "resources": [
    {
      "mode": "managed",
      "type": "aws_eks_cluster",
      "name": "massapp",
      "provider": "provider[\"registry.terraform.io/hashicorp/aws\"]",
      "instances": [
        {
          "schema_version": 1,
          "attributes": {
            "access_config": [
              {
                "authentication_mode": "CONFIG_MAP",
                "bootstrap_cluster_creator_admin_permissions": true
              }
            ],
            "arn": "arn:aws:eks:ap-south-1:044450715850:cluster/massapp-cluster",
            "bootstrap_self_managed_addons": true,
            "certificate_authority": [
              {
                "data": "LS0tLS1CRUdJTiBDRVJUSUZJQ0FURS0tLS0tCk1JSURCVENDQWUyZ0F3SUJBZ0lJUFVGNWRhU2NTb1F3RFFZSktvWklodmNOQVFFTEJRQXdGVEVUTUJFR0ExVUUKQXhNS2EzVmlaWEp1WlhSbGN6QWVGdzB5TlRBM01qTXhOekE0TXpWYUZ3MHpOVEEzTWpFeE56RXpNelZhTUJVeApFekFSQmdOVkJBTVRDbXQxWW1WeWJtVjBaWE13Z2dFaU1BMEdDU3FHU0liM0RRRUJBUVVBQTRJQkR3QXdnZ0VLCkFvSUJBUURaZnZtL0g1WTRtcmU5Y0ZKYVVXcDRlTXpNR2FySFlGVzhYSG1BQkg5S2tSOTVaTVR6a2FnTzhwdHkKbDQybURIMXNSbzVDU1VOVVVrdkk2S1VqbS9HYktRUndoTjNXQWxSTmYrUlhrbmVYbmdsNmdvRDg3ajZPWDMrUgpReHlBaTZabDNMN04vWitjSTdWUWhDR0p4TTJsRGEzYnJ5a0huWUNWTjZlcjJUbFljUDlISmJMUjdjWWVqcE4vCitFZDBBR28xWjc2cW55aXM1VnNRbUxhNU5idWdJeXY3SnlxdTQrb2kvMmM0TUZkVEVOeEV5UDZiVERLUkdlQXkKRWtpSWhCWkxyQXdwQTJwTVR6czRXM1Ruc3lrK3Zwem1IbDlJR3pONXg3U1REMXFTSEFEM1NqSjdUdVVJVkFlVwpwNGNXYVQ1TzZaZEJRUGF0NVRkaC9UYTltTGgxQWdNQkFBR2pXVEJYTUE0R0ExVWREd0VCL3dRRUF3SUNwREFQCkJnTlZIUk1CQWY4RUJUQURBUUgvTUIwR0ExVWREZ1FXQkJTeDJOTmRzRkJjaldKbDcwNmNmTWQyeXhYSGJqQVYKQmdOVkhSRUVEakFNZ2dwcmRXSmxjbTVsZEdWek1BMEdDU3FHU0liM0RRRUJDd1VBQTRJQkFRQmVxLy9kR1RqZgpnZWJ2TmEyVksxTzVBaHBFT29vMHJEd3JrSXdER1paMy9mVWdFNXFJZ1pSeE94b3RuWnI2RUpxdERMdUt3QTF4CjVMZE9NYms1ajd4MVNrUFkvUkRZeDZCS3JXREpOdGk3R04rZVc4NGlOSXNkSXNXbW1Mbzd3Ty83NlU2SW9nbjkKbnFSQW4rRjRDdTRhZHFudHNhVU92UVVSSFBzTUxMZFNKbDlXL2ZlVGlGa2R3bE5jZFg5K013T3NzMDM5dzRhQQplSWZkOHF5REsxY0NFVHlURy94TERUQ3NQZlNrUzBrNFY4ZHJuaDh5UW11aW8ycWtubHZ1Q0g2Wm40amh1eUtsCnljVWdwNDl1d2tjNm9VSkhML0JHcGdQK3A5aGpmTnZaR0dQbTFMSFAxZXpSMm5CRGZIM3Vtb0FrNlpkWGIxQksKYlZ2V3FnWUJqeDZoCi0tLS0tRU5EIENFUlRJRklDQVRFLS0tLS0K"
              }
            ],
            "cluster_id": null,
            "compute_config": [],
            "created_at": "2025-07-23T17:09:29Z",
            "enabled_cluster_log_types": null,
            "encryption_config": [],
            "endpoint": "https://70395165ADCE7133F56E8E29863BF4FE.gr7.ap-south-1.eks.amazonaws.com",
            "force_update_version": null,
            "id": "massapp-cluster",
            "identity": [
              {
                "oidc": [
                  {
                    "issuer": "https://oidc.eks.ap-south-1.amazonaws.com/id/70395165ADCE7133F56E8E29863BF4FE"
                  }
                ]
              }
            ],
            "kubernetes_network_config": [
              {
                "elastic_load_balancing": [
                  {
                    "enabled": false
                  }
                ],
                "ip_family": "ipv4",
                "service_ipv4_cidr": "172.20.0.0/16",
                "service_ipv6_cidr": ""
              }
            ],
            "name": "massapp-cluster",
            "outpost_config": [],
            "platform_version": "eks.6",
            "region": "ap-south-1",
            "remote_network_config": [],
            "role_arn": "arn:aws:iam::044450715850:role/massapp-cluster-role",
            "status": "ACTIVE",
            "storage_config": [],
            "tags": null,
            "tags_all": {},
            "timeouts": null,
            "upgrade_policy": [
              {
                "support_type": "EXTENDED"
              }
            ],
            "version": "1.33",
            "vpc_config": [
              {
                "cluster_security_group_id": "sg-081170f89ea42b79a",
                "endpoint_private_access": false,
                "endpoint_public_access": true,
                "public_access_cidrs": [
                  "0.0.0.0/0"
                ],
                "security_group_ids": [
                  "sg-03b4408d8ffa93f0d"
                ],
                "subnet_ids": [
                  "subnet-00fa6cf83d595afba",
                  "subnet-011491f32a8d1c6b7"
                ],
                "vpc_id": "vpc-0129312819aa7fa4b"
              }
            ],
            "zonal_shift_config": []
          },
          "sensitive_attributes": [],
          "identity_schema_version": 0,
          "private": "eyJlMmJmYjczMC1lY2FhLTExZTYtOGY4OC0zNDM2M2JjN2M0YzAiOnsiY3JlYXRlIjoxODAwMDAwMDAwMDAwLCJkZWxldGUiOjkwMDAwMDAwMDAwMCwidXBkYXRlIjozNjAwMDAwMDAwMDAwfSwic2NoZW1hX3ZlcnNpb24iOiIxIn0=",
          "dependencies": [
            "aws_iam_role.massapp_cluster_role",
            "aws_security_group.massapp_cluster_sg",
            "aws_subnet.massapp_subnet",
            "aws_vpc.massapp_vpc"
          ]
        }
      ]
    },
    {
      "mode": "managed",
      "type": "aws_eks_node_group",
      "name": "massapp",
      "provider": "provider[\"registry.terraform.io/hashicorp/aws\"]",
      "instances": [
        {
          "schema_version": 0,
          "attributes": {
            "ami_type": "AL2023_x86_64_STANDARD",
            "arn": "arn:aws:eks:ap-south-1:044450715850:nodegroup/massapp-cluster/massapp-node-group/82cc1c24-364c-159a-74b5-44977bffd57e",
            "capacity_type": "ON_DEMAND",
            "cluster_name": "massapp-cluster",
            "disk_size": 20,
            "force_update_version": null,
            "id": "massapp-cluster:massapp-node-group",
            "instance_types": [
              "t2.large"
            ],
            "labels": null,
            "launch_template": [],
            "node_group_name": "massapp-node-group",
            "node_group_name_prefix": "",
            "node_repair_config": [],
            "node_role_arn": "arn:aws:iam::044450715850:role/massapp-node-group-role",
            "region": "ap-south-1",
            "release_version": "1.33.0-20250715",
            "remote_access": [
              {
                "ec2_ssh_key": "terra_eks",
                "source_security_group_ids": [
                  "sg-02a93c569716faae0"
                ]
              }
            ],
            "resources": [
              {
                "autoscaling_groups": [
                  {
                    "name": "eks-massapp-node-group-82cc1c24-364c-159a-74b5-44977bffd57e"
                  }
                ],
                "remote_access_security_group_id": "sg-0c6f2ce473b6ae7f8"
              }
            ],
            "scaling_config": [
              {
                "desired_size": 3,
                "max_size": 3,
                "min_size": 3
              }
            ],
            "status": "ACTIVE",
            "subnet_ids": [
              "subnet-00fa6cf83d595afba",
              "subnet-011491f32a8d1c6b7"
            ],
            "tags": null,
            "tags_all": {},
            "taint": [],
            "timeouts": null,
            "update_config": [
              {
                "max_unavailable": 1,
                "max_unavailable_percentage": 0
              }
            ],
            "version": "1.33"
          },
          "sensitive_attributes": [],
          "identity_schema_version": 0,
          "private": "eyJlMmJmYjczMC1lY2FhLTExZTYtOGY4OC0zNDM2M2JjN2M0YzAiOnsiY3JlYXRlIjozNjAwMDAwMDAwMDAwLCJkZWxldGUiOjM2MDAwMDAwMDAwMDAsInVwZGF0ZSI6MzYwMDAwMDAwMDAwMH19",
          "dependencies": [
            "aws_eks_cluster.massapp",
            "aws_iam_role.massapp_cluster_role",
            "aws_iam_role.massapp_node_group_role",
            "aws_security_group.massapp_cluster_sg",
            "aws_security_group.massapp_node_sg",
            "aws_subnet.massapp_subnet",
            "aws_vpc.massapp_vpc"
          ]
        }
      ]
    },
    {
      "mode": "managed",
      "type": "aws_iam_role",
      "name": "massapp_cluster_role",
      "provider": "provider[\"registry.terraform.io/hashicorp/aws\"]",
      "instances": [
        {
          "schema_version": 0,
          "attributes": {
            "arn": "arn:aws:iam::044450715850:role/massapp-cluster-role",
            "assume_role_policy": "{\"Statement\":[{\"Action\":\"sts:AssumeRole\",\"Effect\":\"Allow\",\"Principal\":{\"Service\":\"eks.amazonaws.com\"}}],\"Version\":\"2012-10-17\"}",
            "create_date": "2025-07-23T17:09:16Z",
            "description": "",
            "force_detach_policies": false,
            "id": "massapp-cluster-role",
            "inline_policy": [],
            "managed_policy_arns": [],
            "max_session_duration": 3600,
            "name": "massapp-cluster-role",
            "name_prefix": "",
            "path": "/",
            "permissions_boundary": "",
            "tags": null,
            "tags_all": {},
            "unique_id": "AROAQUWLYDDFF3XE4VWIB"
          },
          "sensitive_attributes": [],
          "identity_schema_version": 0,
          "identity": {
            "account_id": "044450715850",
            "name": "massapp-cluster-role"
          },
          "private": "bnVsbA=="
        }
      ]
    },
    {
      "mode": "managed",
      "type": "aws_iam_role",
      "name": "massapp_node_group_role",
      "provider": "provider[\"registry.terraform.io/hashicorp/aws\"]",
      "instances": [
        {
          "schema_version": 0,
          "attributes": {
            "arn": "arn:aws:iam::044450715850:role/massapp-node-group-role",
            "assume_role_policy": "{\"Statement\":[{\"Action\":\"sts:AssumeRole\",\"Effect\":\"Allow\",\"Principal\":{\"Service\":\"ec2.amazonaws.com\"}}],\"Version\":\"2012-10-17\"}",
            "create_date": "2025-07-23T17:09:16Z",
            "description": "",
            "force_detach_policies": false,
            "id": "massapp-node-group-role",
            "inline_policy": [],
            "managed_policy_arns": [],
            "max_session_duration": 3600,
            "name": "massapp-node-group-role",
            "name_prefix": "",
            "path": "/",
            "permissions_boundary": "",
            "tags": null,
            "tags_all": {},
            "unique_id": "AROAQUWLYDDFIOURGPX6A"
          },
          "sensitive_attributes": [],
          "identity_schema_version": 0,
          "identity": {
            "account_id": "044450715850",
            "name": "massapp-node-group-role"
          },
          "private": "bnVsbA=="
        }
      ]
    },
    {
      "mode": "managed",
      "type": "aws_iam_role_policy_attachment",
      "name": "massapp_cluster_role_policy",
      "provider": "provider[\"registry.terraform.io/hashicorp/aws\"]",
      "instances": [
        {
          "schema_version": 0,
          "attributes": {
            "id": "massapp-cluster-role/arn:aws:iam::aws:policy/AmazonEKSClusterPolicy",
            "policy_arn": "arn:aws:iam::aws:policy/AmazonEKSClusterPolicy",
            "role": "massapp-cluster-role"
          },
          "sensitive_attributes": [],
          "identity_schema_version": 0,
          "identity": {
            "account_id": "044450715850",
            "policy_arn": "arn:aws:iam::aws:policy/AmazonEKSClusterPolicy",
            "role": "massapp-cluster-role"
          },
          "private": "bnVsbA==",
          "dependencies": [
            "aws_iam_role.massapp_cluster_role"
          ]
        }
      ]
    },
    {
      "mode": "managed",
      "type": "aws_iam_role_policy_attachment",
      "name": "massapp_node_group_cni_policy",
      "provider": "provider[\"registry.terraform.io/hashicorp/aws\"]",
      "instances": [
        {
          "schema_version": 0,
          "attributes": {
            "id": "massapp-node-group-role/arn:aws:iam::aws:policy/AmazonEKS_CNI_Policy",
            "policy_arn": "arn:aws:iam::aws:policy/AmazonEKS_CNI_Policy",
            "role": "massapp-node-group-role"
          },
          "sensitive_attributes": [],
          "identity_schema_version": 0,
          "identity": {
            "account_id": "044450715850",
            "policy_arn": "arn:aws:iam::aws:policy/AmazonEKS_CNI_Policy",
            "role": "massapp-node-group-role"
          },
          "private": "bnVsbA==",
          "dependencies": [
            "aws_iam_role.massapp_node_group_role"
          ]
        }
      ]
    },
    {
      "mode": "managed",
      "type": "aws_iam_role_policy_attachment",
      "name": "massapp_node_group_registry_policy",
      "provider": "provider[\"registry.terraform.io/hashicorp/aws\"]",
      "instances": [
        {
          "schema_version": 0,
          "attributes": {
            "id": "massapp-node-group-role/arn:aws:iam::aws:policy/AmazonEC2ContainerRegistryReadOnly",
            "policy_arn": "arn:aws:iam::aws:policy/AmazonEC2ContainerRegistryReadOnly",
            "role": "massapp-node-group-role"
          },
          "sensitive_attributes": [],
          "identity_schema_version": 0,
          "identity": {
            "account_id": "044450715850",
            "policy_arn": "arn:aws:iam::aws:policy/AmazonEC2ContainerRegistryReadOnly",
            "role": "massapp-node-group-role"
          },
          "private": "bnVsbA==",
          "dependencies": [
            "aws_iam_role.massapp_node_group_role"
          ]
        }
      ]
    },
    {
      "mode": "managed",
      "type": "aws_iam_role_policy_attachment",
      "name": "massapp_node_group_role_policy",
      "provider": "provider[\"registry.terraform.io/hashicorp/aws\"]",
      "instances": [
        {
          "schema_version": 0,
          "attributes": {
            "id": "massapp-node-group-role/arn:aws:iam::aws:policy/AmazonEKSWorkerNodePolicy",
            "policy_arn": "arn:aws:iam::aws:policy/AmazonEKSWorkerNodePolicy",
            "role": "massapp-node-group-role"
          },
          "sensitive_attributes": [],
          "identity_schema_version": 0,
          "identity": {
            "account_id": "044450715850",
            "policy_arn": "arn:aws:iam::aws:policy/AmazonEKSWorkerNodePolicy",
            "role": "massapp-node-group-role"
          },
          "private": "bnVsbA==",
          "dependencies": [
            "aws_iam_role.massapp_node_group_role"
          ]
        }
      ]
    },
    {
      "mode": "managed",
      "type": "aws_internet_gateway",
      "name": "massapp_igw",
      "provider": "provider[\"registry.terraform.io/hashicorp/aws\"]",
      "instances": [
        {
          "schema_version": 0,
          "attributes": {
            "arn": "arn:aws:ec2:ap-south-1:044450715850:internet-gateway/igw-04d56841eb80e51bd",
            "id": "igw-04d56841eb80e51bd",
            "owner_id": "044450715850",
            "region": "ap-south-1",
            "tags": {
              "Name": "massapp-igw"
            },
            "tags_all": {
              "Name": "massapp-igw"
            },
            "timeouts": null,
            "vpc_id": "vpc-0129312819aa7fa4b"
          },
          "sensitive_attributes": [],
          "identity_schema_version": 0,
          "private": "eyJlMmJmYjczMC1lY2FhLTExZTYtOGY4OC0zNDM2M2JjN2M0YzAiOnsiY3JlYXRlIjoxMjAwMDAwMDAwMDAwLCJkZWxldGUiOjEyMDAwMDAwMDAwMDAsInVwZGF0ZSI6MTIwMDAwMDAwMDAwMH19",
          "dependencies": [
            "aws_vpc.massapp_vpc"
          ]
        }
      ]
    },
    {
      "mode": "managed",
      "type": "aws_route_table",
      "name": "massapp_route_table",
      "provider": "provider[\"registry.terraform.io/hashicorp/aws\"]",
      "instances": [
        {
          "schema_version": 0,
          "attributes": {
            "arn": "arn:aws:ec2:ap-south-1:044450715850:route-table/rtb-0161fc8969d21041f",
            "id": "rtb-0161fc8969d21041f",
            "owner_id": "044450715850",
            "propagating_vgws": [],
            "region": "ap-south-1",
            "route": [
              {
                "carrier_gateway_id": "",
                "cidr_block": "0.0.0.0/0",
                "core_network_arn": "",
                "destination_prefix_list_id": "",
                "egress_only_gateway_id": "",
                "gateway_id": "igw-04d56841eb80e51bd",
                "ipv6_cidr_block": "",
                "local_gateway_id": "",
                "nat_gateway_id": "",
                "network_interface_id": "",
                "transit_gateway_id": "",
                "vpc_endpoint_id": "",
                "vpc_peering_connection_id": ""
              }
            ],
            "tags": {
              "Name": "massapp-route-table"
            },
            "tags_all": {
              "Name": "massapp-route-table"
            },
            "timeouts": null,
            "vpc_id": "vpc-0129312819aa7fa4b"
          },
          "sensitive_attributes": [],
          "identity_schema_version": 0,
          "private": "eyJlMmJmYjczMC1lY2FhLTExZTYtOGY4OC0zNDM2M2JjN2M0YzAiOnsiY3JlYXRlIjozMDAwMDAwMDAwMDAsImRlbGV0ZSI6MzAwMDAwMDAwMDAwLCJ1cGRhdGUiOjEyMDAwMDAwMDAwMH19",
          "dependencies": [
            "aws_internet_gateway.massapp_igw",
            "aws_vpc.massapp_vpc"
          ]
        }
      ]
    },
    {
      "mode": "managed",
      "type": "aws_route_table_association",
      "name": "a",
      "provider": "provider[\"registry.terraform.io/hashicorp/aws\"]",
      "instances": [
        {
          "index_key": 0,
          "schema_version": 0,
          "attributes": {
            "gateway_id": "",
            "id": "rtbassoc-07aca3e68583d1c36",
            "region": "ap-south-1",
            "route_table_id": "rtb-0161fc8969d21041f",
            "subnet_id": "subnet-00fa6cf83d595afba",
            "timeouts": null
          },
          "sensitive_attributes": [],
          "identity_schema_version": 0,
          "private": "eyJlMmJmYjczMC1lY2FhLTExZTYtOGY4OC0zNDM2M2JjN2M0YzAiOnsiY3JlYXRlIjozMDAwMDAwMDAwMDAsImRlbGV0ZSI6MzAwMDAwMDAwMDAwLCJ1cGRhdGUiOjEyMDAwMDAwMDAwMH19",
          "dependencies": [
            "aws_internet_gateway.massapp_igw",
            "aws_route_table.massapp_route_table",
            "aws_subnet.massapp_subnet",
            "aws_vpc.massapp_vpc"
          ]
        },
        {
          "index_key": 1,
          "schema_version": 0,
          "attributes": {
            "gateway_id": "",
            "id": "rtbassoc-03744eef2417ed949",
            "region": "ap-south-1",
            "route_table_id": "rtb-0161fc8969d21041f",
            "subnet_id": "subnet-011491f32a8d1c6b7",
            "timeouts": null
          },
          "sensitive_attributes": [],
          "identity_schema_version": 0,
          "private": "eyJlMmJmYjczMC1lY2FhLTExZTYtOGY4OC0zNDM2M2JjN2M0YzAiOnsiY3JlYXRlIjozMDAwMDAwMDAwMDAsImRlbGV0ZSI6MzAwMDAwMDAwMDAwLCJ1cGRhdGUiOjEyMDAwMDAwMDAwMH19",
          "dependencies": [
            "aws_internet_gateway.massapp_igw",
            "aws_route_table.massapp_route_table",
            "aws_subnet.massapp_subnet",
            "aws_vpc.massapp_vpc"
          ]
        }
      ]
    },
    {
      "mode": "managed",
      "type": "aws_security_group",
      "name": "massapp_cluster_sg",
      "provider": "provider[\"registry.terraform.io/hashicorp/aws\"]",
      "instances": [
        {
          "schema_version": 1,
          "attributes": {
            "arn": "arn:aws:ec2:ap-south-1:044450715850:security-group/sg-03b4408d8ffa93f0d",
            "description": "Managed by Terraform",
            "egress": [
              {
                "cidr_blocks": [
                  "0.0.0.0/0"
                ],
                "description": "",
                "from_port": 0,
                "ipv6_cidr_blocks": [],
                "prefix_list_ids": [],
                "protocol": "-1",
                "security_groups": [],
                "self": false,
                "to_port": 0
              }
            ],
            "id": "sg-03b4408d8ffa93f0d",
            "ingress": [],
            "name": "terraform-20250723170917091900000001",
            "name_prefix": "terraform-",
            "owner_id": "044450715850",
            "region": "ap-south-1",
            "revoke_rules_on_delete": false,
            "tags": {
              "Name": "massapp-cluster-sg"
            },
            "tags_all": {
              "Name": "massapp-cluster-sg"
            },
            "timeouts": null,
            "vpc_id": "vpc-0129312819aa7fa4b"
          },
          "sensitive_attributes": [],
          "identity_schema_version": 0,
          "private": "eyJlMmJmYjczMC1lY2FhLTExZTYtOGY4OC0zNDM2M2JjN2M0YzAiOnsiY3JlYXRlIjo2MDAwMDAwMDAwMDAsImRlbGV0ZSI6OTAwMDAwMDAwMDAwfSwic2NoZW1hX3ZlcnNpb24iOiIxIn0=",
          "dependencies": [
            "aws_vpc.massapp_vpc"
          ]
        }
      ]
    },
    {
      "mode": "managed",
      "type": "aws_security_group",
      "name": "massapp_node_sg",
      "provider": "provider[\"registry.terraform.io/hashicorp/aws\"]",
      "instances": [
        {
          "schema_version": 1,
          "attributes": {
            "arn": "arn:aws:ec2:ap-south-1:044450715850:security-group/sg-02a93c569716faae0",
            "description": "Managed by Terraform",
            "egress": [
              {
                "cidr_blocks": [
                  "0.0.0.0/0"
                ],
                "description": "",
                "from_port": 0,
                "ipv6_cidr_blocks": [],
                "prefix_list_ids": [],
                "protocol": "-1",
                "security_groups": [],
                "self": false,
                "to_port": 0
              }
            ],
            "id": "sg-02a93c569716faae0",
            "ingress": [
              {
                "cidr_blocks": [
                  "0.0.0.0/0"
                ],
                "description": "",
                "from_port": 0,
                "ipv6_cidr_blocks": [],
                "prefix_list_ids": [],
                "protocol": "-1",
                "security_groups": [],
                "self": false,
                "to_port": 0
              }
            ],
            "name": "terraform-20250723170917096600000002",
            "name_prefix": "terraform-",
            "owner_id": "044450715850",
            "region": "ap-south-1",
            "revoke_rules_on_delete": false,
            "tags": {
              "Name": "massapp-node-sg"
            },
            "tags_all": {
              "Name": "massapp-node-sg"
            },
            "timeouts": null,
            "vpc_id": "vpc-0129312819aa7fa4b"
          },
          "sensitive_attributes": [],
          "identity_schema_version": 0,
          "private": "eyJlMmJmYjczMC1lY2FhLTExZTYtOGY4OC0zNDM2M2JjN2M0YzAiOnsiY3JlYXRlIjo2MDAwMDAwMDAwMDAsImRlbGV0ZSI6OTAwMDAwMDAwMDAwfSwic2NoZW1hX3ZlcnNpb24iOiIxIn0=",
          "dependencies": [
            "aws_vpc.massapp_vpc"
          ]
        }
      ]
    },
    {
      "mode": "managed",
      "type": "aws_subnet",
      "name": "massapp_subnet",
      "provider": "provider[\"registry.terraform.io/hashicorp/aws\"]",
      "instances": [
        {
          "index_key": 0,
          "schema_version": 1,
          "attributes": {
            "arn": "arn:aws:ec2:ap-south-1:044450715850:subnet/subnet-00fa6cf83d595afba",
            "assign_ipv6_address_on_creation": false,
            "availability_zone": "ap-south-1a",
            "availability_zone_id": "aps1-az1",
            "cidr_block": "10.0.0.0/24",
            "customer_owned_ipv4_pool": "",
            "enable_dns64": false,
            "enable_lni_at_device_index": 0,
            "enable_resource_name_dns_a_record_on_launch": false,
            "enable_resource_name_dns_aaaa_record_on_launch": false,
            "id": "subnet-00fa6cf83d595afba",
            "ipv6_cidr_block": "",
            "ipv6_cidr_block_association_id": "",
            "ipv6_native": false,
            "map_customer_owned_ip_on_launch": false,
            "map_public_ip_on_launch": true,
            "outpost_arn": "",
            "owner_id": "044450715850",
            "private_dns_hostname_type_on_launch": "ip-name",
            "region": "ap-south-1",
            "tags": {
              "Name": "massapp-subnet-0"
            },
            "tags_all": {
              "Name": "massapp-subnet-0"
            },
            "timeouts": null,
            "vpc_id": "vpc-0129312819aa7fa4b"
          },
          "sensitive_attributes": [],
          "identity_schema_version": 0,
          "private": "eyJlMmJmYjczMC1lY2FhLTExZTYtOGY4OC0zNDM2M2JjN2M0YzAiOnsiY3JlYXRlIjo2MDAwMDAwMDAwMDAsImRlbGV0ZSI6MTIwMDAwMDAwMDAwMH0sInNjaGVtYV92ZXJzaW9uIjoiMSJ9",
          "dependencies": [
            "aws_vpc.massapp_vpc"
          ]
        },
        {
          "index_key": 1,
          "schema_version": 1,
          "attributes": {
            "arn": "arn:aws:ec2:ap-south-1:044450715850:subnet/subnet-011491f32a8d1c6b7",
            "assign_ipv6_address_on_creation": false,
            "availability_zone": "ap-south-1b",
            "availability_zone_id": "aps1-az3",
            "cidr_block": "10.0.1.0/24",
            "customer_owned_ipv4_pool": "",
            "enable_dns64": false,
            "enable_lni_at_device_index": 0,
            "enable_resource_name_dns_a_record_on_launch": false,
            "enable_resource_name_dns_aaaa_record_on_launch": false,
            "id": "subnet-011491f32a8d1c6b7",
            "ipv6_cidr_block": "",
            "ipv6_cidr_block_association_id": "",
            "ipv6_native": false,
            "map_customer_owned_ip_on_launch": false,
            "map_public_ip_on_launch": true,
            "outpost_arn": "",
            "owner_id": "044450715850",
            "private_dns_hostname_type_on_launch": "ip-name",
            "region": "ap-south-1",
            "tags": {
              "Name": "massapp-subnet-1"
            },
            "tags_all": {
              "Name": "massapp-subnet-1"
            },
            "timeouts": null,
            "vpc_id": "vpc-0129312819aa7fa4b"
          },
          "sensitive_attributes": [],
          "identity_schema_version": 0,
          "private": "eyJlMmJmYjczMC1lY2FhLTExZTYtOGY4OC0zNDM2M2JjN2M0YzAiOnsiY3JlYXRlIjo2MDAwMDAwMDAwMDAsImRlbGV0ZSI6MTIwMDAwMDAwMDAwMH0sInNjaGVtYV92ZXJzaW9uIjoiMSJ9",
          "dependencies": [
            "aws_vpc.massapp_vpc"
          ]
        }
      ]
    },
    {
      "mode": "managed",
      "type": "aws_vpc",
      "name": "massapp_vpc",
      "provider": "provider[\"registry.terraform.io/hashicorp/aws\"]",
      "instances": [
        {
          "schema_version": 1,
          "attributes": {
            "arn": "arn:aws:ec2:ap-south-1:044450715850:vpc/vpc-0129312819aa7fa4b",
            "assign_generated_ipv6_cidr_block": false,
            "cidr_block": "10.0.0.0/16",
            "default_network_acl_id": "acl-01ebe5ba22fba40f8",
            "default_route_table_id": "rtb-01ca13291b93a934f",
            "default_security_group_id": "sg-00e784b53b9f4ab21",
            "dhcp_options_id": "dopt-00c6d7859b291e41d",
            "enable_dns_hostnames": false,
            "enable_dns_support": true,
            "enable_network_address_usage_metrics": false,
            "id": "vpc-0129312819aa7fa4b",
            "instance_tenancy": "default",
            "ipv4_ipam_pool_id": null,
            "ipv4_netmask_length": null,
            "ipv6_association_id": "",
            "ipv6_cidr_block": "",
            "ipv6_cidr_block_network_border_group": "",
            "ipv6_ipam_pool_id": "",
            "ipv6_netmask_length": 0,
            "main_route_table_id": "rtb-01ca13291b93a934f",
            "owner_id": "044450715850",
            "region": "ap-south-1",
            "tags": {
              "Name": "massapp_vpc"
            },
            "tags_all": {
              "Name": "massapp_vpc"
            }
          },
          "sensitive_attributes": [],
          "identity_schema_version": 0,
          "private": "eyJzY2hlbWFfdmVyc2lvbiI6IjEifQ=="
        }
      ]
    }
  ],
  "check_results": null
}
